Microsoft Visual Studio Solution File, Format Version 12.00
# Visual Studio Version 17
VisualStudioVersion = 17.0.31611.283
MinimumVisualStudioVersion = 10.0.40219.1
Project("{FAE04EC0-301F-11D3-BF4B-00C04F79EFBC}") = "SocialMedia.Api", "SocialMedia.Api\SocialMedia.Api.csproj", "{47D62999-A513-4B9A-B0E4-97D3DEEE0A29}"
EndProject
Project("{FAE04EC0-301F-11D3-BF4B-00C04F79EFBC}") = "SocialMedia.Core", "SocialMedia.Core\SocialMedia.Core.csproj", "{1907AD36-3E27-41E3-AAD1-B016BA698777}"
EndProject
Project("{FAE04EC0-301F-11D3-BF4B-00C04F79EFBC}") = "SocialMedia.Api.Tests", "SocialMedia.Api.Tests\SocialMedia.Api.Tests.csproj", "{509B064C-E4D5-4040-973C-3AFC5E14CB52}"
EndProject
Project("{FAE04EC0-301F-11D3-BF4B-00C04F79EFBC}") = "SocialMedia.Core.Tests", "SocialMedia.Core.Tests\SocialMedia.Core.Tests.csproj", "{EDB426E8-CF23-4131-8857-7BC616E5E352}"
EndProject
Project("{FAE04EC0-301F-11D3-BF4B-00C04F79EFBC}") = "SocialMedia.Exporter.Tests", "SocialMedia.Exporter.Tests\SocialMedia.Exporter.Tests.csproj", "{ABF1822C-BF44-4136-B85E-939239ADE85A}"
EndProject
Project("{FAE04EC0-301F-11D3-BF4B-00C04F79EFBC}") = "SocialMedia.Infrastructure", "SocialMedia.Infrastructure\SocialMedia.Infrastructure.csproj", "{D2B8FD50-6B63-46DA-B959-F4AA2A82903D}"
EndProject
Project("{FAE04EC0-301F-11D3-BF4B-00C04F79EFBC}") = "SocialMedia.Infrastructure.Tests", "SocialMedia.Infrastructure.Tests\SocialMedia.Infrastructure.Tests.csproj", "{CC17E823-8AB7-405F-A0FE-F97AF81162C3}"
EndProject
Global
	GlobalSection(SolutionConfigurationPlatforms) = preSolution
		Debug|Any CPU = Debug|Any CPU
		Release|Any CPU = Release|Any CPU
	EndGlobalSection
	GlobalSection(ProjectConfigurationPlatforms) = postSolution
		{47D62999-A513-4B9A-B0E4-97D3DEEE0A29}.Debug|Any CPU.ActiveCfg = Debug|Any CPU
		{47D62999-A513-4B9A-B0E4-97D3DEEE0A29}.Debug|Any CPU.Build.0 = Debug|Any CPU
		{47D62999-A513-4B9A-B0E4-97D3DEEE0A29}.Release|Any CPU.ActiveCfg = Release|Any CPU
		{47D62999-A513-4B9A-B0E4-97D3DEEE0A29}.Release|Any CPU.Build.0 = Release|Any CPU
		{1907AD36-3E27-41E3-AAD1-B016BA698777}.Debug|Any CPU.ActiveCfg = Debug|Any CPU
		{1907AD36-3E27-41E3-AAD1-B016BA698777}.Debug|Any CPU.Build.0 = Debug|Any CPU
		{1907AD36-3E27-41E3-AAD1-B016BA698777}.Release|Any CPU.ActiveCfg = Release|Any CPU
		{1907AD36-3E27-41E3-AAD1-B016BA698777}.Release|Any CPU.Build.0 = Release|Any CPU
		{509B064C-E4D5-4040-973C-3AFC5E14CB52}.Debug|Any CPU.ActiveCfg = Debug|Any CPU
		{509B064C-E4D5-4040-973C-3AFC5E14CB52}.Debug|Any CPU.Build.0 = Debug|Any CPU
		{509B064C-E4D5-4040-973C-3AFC5E14CB52}.Release|Any CPU.ActiveCfg = Release|Any CPU
		{509B064C-E4D5-4040-973C-3AFC5E14CB52}.Release|Any CPU.Build.0 = Release|Any CPU
		{EDB426E8-CF23-4131-8857-7BC616E5E352}.Debug|Any CPU.ActiveCfg = Debug|Any CPU
		{EDB426E8-CF23-4131-8857-7BC616E5E352}.Debug|Any CPU.Build.0 = Debug|Any CPU
		{EDB426E8-CF23-4131-8857-7BC616E5E352}.Release|Any CPU.ActiveCfg = Release|Any CPU
		{EDB426E8-CF23-4131-8857-7BC616E5E352}.Release|Any CPU.Build.0 = Release|Any CPU
		{ABF1822C-BF44-4136-B85E-939239ADE85A}.Debug|Any CPU.ActiveCfg = Debug|Any CPU
		{ABF1822C-BF44-4136-B85E-939239ADE85A}.Debug|Any CPU.Build.0 = Debug|Any CPU
		{ABF1822C-BF44-4136-B85E-939239ADE85A}.Release|Any CPU.ActiveCfg = Release|Any CPU
		{ABF1822C-BF44-4136-B85E-939239ADE85A}.Release|Any CPU.Build.0 = Release|Any CPU
		{D2B8FD50-6B63-46DA-B959-F4AA2A82903D}.Debug|Any CPU.ActiveCfg = Debug|Any CPU
		{D2B8FD50-6B63-46DA-B959-F4AA2A82903D}.Debug|Any CPU.Build.0 = Debug|Any CPU
		{D2B8FD50-6B63-46DA-B959-F4AA2A82903D}.Release|Any CPU.ActiveCfg = Release|Any CPU
		{D2B8FD50-6B63-46DA-B959-F4AA2A82903D}.Release|Any CPU.Build.0 = Release|Any CPU
		{CC17E823-8AB7-405F-A0FE-F97AF81162C3}.Debug|Any CPU.ActiveCfg = Debug|Any CPU
		{CC17E823-8AB7-405F-A0FE-F97AF81162C3}.Debug|Any CPU.Build.0 = Debug|Any CPU
		{CC17E823-8AB7-405F-A0FE-F97AF81162C3}.Release|Any CPU.ActiveCfg = Release|Any CPU
		{CC17E823-8AB7-405F-A0FE-F97AF81162C3}.Release|Any CPU.Build.0 = Release|Any CPU
	EndGlobalSection
	GlobalSection(SolutionProperties) = preSolution
		HideSolutionNode = FALSE
	EndGlobalSection
	GlobalSection(ExtensibilityGlobals) = postSolution
		SolutionGuid = {61F7FB11-1E47-470C-91E2-47F8143E1572}
	EndGlobalSection
EndGlobal
