Microsoft Visual Studio Solution File, Format Version 12.00
# Visual Studio Version 17
VisualStudioVersion = 17.0.31611.283
MinimumVisualStudioVersion = 10.0.40219.1
Project("{9A19103F-16F7-4668-BE54-9A1E7A4F7556}") = "SocialMedia.Tests.Unit", "SocialMediaTests.Unit\SocialMedia.Tests.Unit.csproj", "{CD24AA0D-1904-43CA-A367-BD87DB10B52F}"
EndProject
Project("{FAE04EC0-301F-11D3-BF4B-00C04F79EFBC}") = "SocialMedia.Infrastructure", "SocialMedia.Infrastructure\SocialMedia.Infrastructure.csproj", "{A8B76B1C-CE81-4AA5-885C-784DD8E705A9}"
EndProject
Project("{FAE04EC0-301F-11D3-BF4B-00C04F79EFBC}") = "SocialMedia.UI.BlazorHybrid", "SocialMedia.UI.BlazorHybrid\SocialMedia.UI.BlazorHybrid.csproj", "{B871578C-FD56-443C-8635-7D883D0F5553}"
EndProject
Global
	GlobalSection(SolutionConfigurationPlatforms) = preSolution
		Debug|Any CPU = Debug|Any CPU
		Release|Any CPU = Release|Any CPU
	EndGlobalSection
	GlobalSection(ProjectConfigurationPlatforms) = postSolution
		{CD24AA0D-1904-43CA-A367-BD87DB10B52F}.Debug|Any CPU.ActiveCfg = Debug|Any CPU
		{CD24AA0D-1904-43CA-A367-BD87DB10B52F}.Debug|Any CPU.Build.0 = Debug|Any CPU
		{CD24AA0D-1904-43CA-A367-BD87DB10B52F}.Release|Any CPU.ActiveCfg = Release|Any CPU
		{CD24AA0D-1904-43CA-A367-BD87DB10B52F}.Release|Any CPU.Build.0 = Release|Any CPU
		{A8B76B1C-CE81-4AA5-885C-784DD8E705A9}.Debug|Any CPU.ActiveCfg = Debug|Any CPU
		{A8B76B1C-CE81-4AA5-885C-784DD8E705A9}.Debug|Any CPU.Build.0 = Debug|Any CPU
		{A8B76B1C-CE81-4AA5-885C-784DD8E705A9}.Release|Any CPU.ActiveCfg = Release|Any CPU
		{A8B76B1C-CE81-4AA5-885C-784DD8E705A9}.Release|Any CPU.Build.0 = Release|Any CPU
		{B871578C-FD56-443C-8635-7D883D0F5553}.Debug|Any CPU.ActiveCfg = Debug|Any CPU
		{B871578C-FD56-443C-8635-7D883D0F5553}.Debug|Any CPU.Build.0 = Debug|Any CPU
		{B871578C-FD56-443C-8635-7D883D0F5553}.Debug|Any CPU.Deploy.0 = Debug|Any CPU
		{B871578C-FD56-443C-8635-7D883D0F5553}.Release|Any CPU.ActiveCfg = Release|Any CPU
		{B871578C-FD56-443C-8635-7D883D0F5553}.Release|Any CPU.Build.0 = Release|Any CPU
		{B871578C-FD56-443C-8635-7D883D0F5553}.Release|Any CPU.Deploy.0 = Release|Any CPU
	EndGlobalSection
	GlobalSection(SolutionProperties) = preSolution
		HideSolutionNode = FALSE
	EndGlobalSection
	GlobalSection(ExtensibilityGlobals) = postSolution
		SolutionGuid = {61F7FB11-1E47-470C-91E2-47F8143E1572}
	EndGlobalSection
EndGlobal
